
Microsoft Visual Studio Solution File, Format Version 12.00
# Visual Studio Version 16
VisualStudioVersion = 16.0.30204.135
MinimumVisualStudioVersion = 10.0.40219.1
Project("{FAE04EC0-301F-11D3-BF4B-00C04F79EFBC}") = "Ternary Statement Example Csharp", "Ternary Statement Example Csharp\Ternary Statement Example Csharp.csproj", "{A0C5D4DE-B2F1-4D28-8A78-189FC780F956}"
EndProject
Global
	GlobalSection(SolutionConfigurationPlatforms) = preSolution
		Debug|Any CPU = Debug|Any CPU
		Release|Any CPU = Release|Any CPU
	EndGlobalSection
	GlobalSection(ProjectConfigurationPlatforms) = postSolution
		{A0C5D4DE-B2F1-4D28-8A78-189FC780F956}.Debug|Any CPU.ActiveCfg = Debug|Any CPU
		{A0C5D4DE-B2F1-4D28-8A78-189FC780F956}.Debug|Any CPU.Build.0 = Debug|Any CPU
		{A0C5D4DE-B2F1-4D28-8A78-189FC780F956}.Release|Any CPU.ActiveCfg = Release|Any CPU
		{A0C5D4DE-B2F1-4D28-8A78-189FC780F956}.Release|Any CPU.Build.0 = Release|Any CPU
	EndGlobalSection
	GlobalSection(SolutionProperties) = preSolution
		HideSolutionNode = FALSE
	EndGlobalSection
	GlobalSection(ExtensibilityGlobals) = postSolution
		SolutionGuid = {E5C310AD-575A-44A7-92C6-6F216334B1ED}
	EndGlobalSection
EndGlobal
